
Microsoft Visual Studio Solution File, Format Version 12.00
# Visual Studio 2013
VisualStudioVersion = 12.0.31101.0
MinimumVisualStudioVersion = 10.0.40219.1
Project("{FAE04EC0-301F-11D3-BF4B-00C04F79EFBC}") = "HRI.Umbraco", "HRI.Umbraco.csproj", "{6383222F-C60A-453C-9919-53FA7A97DBC9}"
	ProjectSection(ProjectDependencies) = postProject
		{B0895A78-818D-4FAB-AAAF-A8E6EC05C473} = {B0895A78-818D-4FAB-AAAF-A8E6EC05C473}
	EndProjectSection
EndProject
Project("{FAE04EC0-301F-11D3-BF4B-00C04F79EFBC}") = "CMMSAMLLibrary", "..\CMMSAMLLibrary\CMMSAMLLibrary.csproj", "{B0895A78-818D-4FAB-AAAF-A8E6EC05C473}"
EndProject
Global
	GlobalSection(SolutionConfigurationPlatforms) = preSolution
		Debug|Any CPU = Debug|Any CPU
		Dev|Any CPU = Dev|Any CPU
		Prod|Any CPU = Prod|Any CPU
		UAT|Any CPU = UAT|Any CPU
	EndGlobalSection
	GlobalSection(ProjectConfigurationPlatforms) = postSolution
		{6383222F-C60A-453C-9919-53FA7A97DBC9}.Debug|Any CPU.ActiveCfg = Debug|Any CPU
		{6383222F-C60A-453C-9919-53FA7A97DBC9}.Debug|Any CPU.Build.0 = Debug|Any CPU
		{6383222F-C60A-453C-9919-53FA7A97DBC9}.Dev|Any CPU.ActiveCfg = Dev|Any CPU
		{6383222F-C60A-453C-9919-53FA7A97DBC9}.Dev|Any CPU.Build.0 = Dev|Any CPU
		{6383222F-C60A-453C-9919-53FA7A97DBC9}.Prod|Any CPU.ActiveCfg = Prod|Any CPU
		{6383222F-C60A-453C-9919-53FA7A97DBC9}.Prod|Any CPU.Build.0 = Prod|Any CPU
		{6383222F-C60A-453C-9919-53FA7A97DBC9}.UAT|Any CPU.ActiveCfg = UAT|Any CPU
		{6383222F-C60A-453C-9919-53FA7A97DBC9}.UAT|Any CPU.Build.0 = UAT|Any CPU
		{B0895A78-818D-4FAB-AAAF-A8E6EC05C473}.Debug|Any CPU.ActiveCfg = Debug|Any CPU
		{B0895A78-818D-4FAB-AAAF-A8E6EC05C473}.Debug|Any CPU.Build.0 = Debug|Any CPU
		{B0895A78-818D-4FAB-AAAF-A8E6EC05C473}.Dev|Any CPU.ActiveCfg = Dev|Any CPU
		{B0895A78-818D-4FAB-AAAF-A8E6EC05C473}.Dev|Any CPU.Build.0 = Dev|Any CPU
		{B0895A78-818D-4FAB-AAAF-A8E6EC05C473}.Prod|Any CPU.ActiveCfg = Prod|Any CPU
		{B0895A78-818D-4FAB-AAAF-A8E6EC05C473}.Prod|Any CPU.Build.0 = Prod|Any CPU
		{B0895A78-818D-4FAB-AAAF-A8E6EC05C473}.UAT|Any CPU.ActiveCfg = UAT|Any CPU
		{B0895A78-818D-4FAB-AAAF-A8E6EC05C473}.UAT|Any CPU.Build.0 = UAT|Any CPU
	EndGlobalSection
	GlobalSection(SolutionProperties) = preSolution
		HideSolutionNode = FALSE
	EndGlobalSection
EndGlobal
